
Microsoft Visual Studio Solution File, Format Version 12.00
# Visual Studio Version 17
VisualStudioVersion = 17.5.002.0
MinimumVisualStudioVersion = 10.0.40219.1
Project("{2150E333-8FDC-42A3-9474-1A3956D46DE8}") = "sandbox", "sandbox", "{3129FEEA-6562-4032-988D-A6405E10CDF9}"
EndProject
Project("{9A19103F-16F7-4668-BE54-9A1E7A4F7556}") = "sandbox_project", "sandbox\sandbox_project\sandbox_project.csproj", "{D6992F02-4E34-4B02-BC67-A9AE0B65CC82}"
EndProject
Project("{2150E333-8FDC-42A3-9474-1A3956D46DE8}") = "week01", "week01", "{9F6EAE88-CD66-4EFF-ADA2-55605ADCEAD4}"
EndProject
Project("{9A19103F-16F7-4668-BE54-9A1E7A4F7556}") = "analyze", "week01\analyze\analyze.csproj", "{73C18F09-EFC8-4A16-8344-216D2488BF58}"
EndProject
Project("{9A19103F-16F7-4668-BE54-9A1E7A4F7556}") = "code", "week01\code\code.csproj", "{374C3088-9022-433E-B30C-A068E1CE4FEA}"
EndProject
Project("{9A19103F-16F7-4668-BE54-9A1E7A4F7556}") = "teach", "week01\teach\teach.csproj", "{AB611C77-E4AD-4BD4-879D-03AF1411C67D}"
EndProject
Project("{2150E333-8FDC-42A3-9474-1A3956D46DE8}") = "week02", "week02", "{82E2C7BB-A915-423A-AFF5-A90F19433820}"
EndProject
Project("{9A19103F-16F7-4668-BE54-9A1E7A4F7556}") = "analyze", "week02\analyze\analyze.csproj", "{81D6E0D9-472F-4C5C-82EA-DFAE3DA04F93}"
EndProject
Project("{9A19103F-16F7-4668-BE54-9A1E7A4F7556}") = "code", "week02\code\code.csproj", "{65F74770-22EB-4794-82E9-ADD04F0A7567}"
EndProject
Project("{9A19103F-16F7-4668-BE54-9A1E7A4F7556}") = "learn", "week02\learn\learn.csproj", "{0ACDAE7D-91BB-456E-9C31-C8EC4875178A}"
EndProject
Project("{9A19103F-16F7-4668-BE54-9A1E7A4F7556}") = "teach", "week02\teach\teach.csproj", "{CBEBB51C-6577-4AA5-90FF-67C12AB12617}"
EndProject
Project("{2150E333-8FDC-42A3-9474-1A3956D46DE8}") = "week03", "week03", "{E98A6E5C-2DFC-4DA0-BC33-AF2B0B882D1C}"
EndProject
Project("{9A19103F-16F7-4668-BE54-9A1E7A4F7556}") = "code", "week03\code\code.csproj", "{01A7174A-01A3-47C9-A7CE-407ED7C9673F}"
EndProject
Project("{9A19103F-16F7-4668-BE54-9A1E7A4F7556}") = "learn", "week03\learn\learn.csproj", "{1F43DC22-7380-40E1-B92F-1BA5648EB34D}"
EndProject
Project("{9A19103F-16F7-4668-BE54-9A1E7A4F7556}") = "teach", "week03\teach\teach.csproj", "{B9B139CB-0761-4D83-8676-91C693DF0F60}"
EndProject
Project("{2150E333-8FDC-42A3-9474-1A3956D46DE8}") = "week04", "week04", "{8F63A69F-495A-4C83-8B62-47D543AA71CC}"
EndProject
Project("{9A19103F-16F7-4668-BE54-9A1E7A4F7556}") = "code", "week04\code\code.csproj", "{1E8E75A9-02F0-4BE6-AC2C-6A9483A29E98}"
EndProject
Project("{2150E333-8FDC-42A3-9474-1A3956D46DE8}") = "week05", "week05", "{83E285C1-DA66-4ADE-8E49-3C077340479B}"
EndProject
Project("{9A19103F-16F7-4668-BE54-9A1E7A4F7556}") = "code", "week05\code\code.csproj", "{F991A62F-9E97-4A01-B9EF-30234DB57BDE}"
EndProject
Project("{2150E333-8FDC-42A3-9474-1A3956D46DE8}") = "week06", "week06", "{BA72FBAD-5D57-44DD-B1B2-E3D46A1E1B5A}"
EndProject
Project("{9A19103F-16F7-4668-BE54-9A1E7A4F7556}") = "code", "week06\code\code.csproj", "{A7FBA8F9-61DF-4F75-9946-8A127965254B}"
EndProject
Global
	GlobalSection(SolutionConfigurationPlatforms) = preSolution
		Debug|Any CPU = Debug|Any CPU
		Release|Any CPU = Release|Any CPU
	EndGlobalSection
	GlobalSection(ProjectConfigurationPlatforms) = postSolution
		{D6992F02-4E34-4B02-BC67-A9AE0B65CC82}.Debug|Any CPU.ActiveCfg = Debug|Any CPU
		{D6992F02-4E34-4B02-BC67-A9AE0B65CC82}.Debug|Any CPU.Build.0 = Debug|Any CPU
		{D6992F02-4E34-4B02-BC67-A9AE0B65CC82}.Release|Any CPU.ActiveCfg = Release|Any CPU
		{D6992F02-4E34-4B02-BC67-A9AE0B65CC82}.Release|Any CPU.Build.0 = Release|Any CPU
		{73C18F09-EFC8-4A16-8344-216D2488BF58}.Debug|Any CPU.ActiveCfg = Debug|Any CPU
		{73C18F09-EFC8-4A16-8344-216D2488BF58}.Debug|Any CPU.Build.0 = Debug|Any CPU
		{73C18F09-EFC8-4A16-8344-216D2488BF58}.Release|Any CPU.ActiveCfg = Release|Any CPU
		{73C18F09-EFC8-4A16-8344-216D2488BF58}.Release|Any CPU.Build.0 = Release|Any CPU
		{374C3088-9022-433E-B30C-A068E1CE4FEA}.Debug|Any CPU.ActiveCfg = Debug|Any CPU
		{374C3088-9022-433E-B30C-A068E1CE4FEA}.Debug|Any CPU.Build.0 = Debug|Any CPU
		{374C3088-9022-433E-B30C-A068E1CE4FEA}.Release|Any CPU.ActiveCfg = Release|Any CPU
		{374C3088-9022-433E-B30C-A068E1CE4FEA}.Release|Any CPU.Build.0 = Release|Any CPU
		{AB611C77-E4AD-4BD4-879D-03AF1411C67D}.Debug|Any CPU.ActiveCfg = Debug|Any CPU
		{AB611C77-E4AD-4BD4-879D-03AF1411C67D}.Debug|Any CPU.Build.0 = Debug|Any CPU
		{AB611C77-E4AD-4BD4-879D-03AF1411C67D}.Release|Any CPU.ActiveCfg = Release|Any CPU
		{AB611C77-E4AD-4BD4-879D-03AF1411C67D}.Release|Any CPU.Build.0 = Release|Any CPU
		{81D6E0D9-472F-4C5C-82EA-DFAE3DA04F93}.Debug|Any CPU.ActiveCfg = Debug|Any CPU
		{81D6E0D9-472F-4C5C-82EA-DFAE3DA04F93}.Debug|Any CPU.Build.0 = Debug|Any CPU
		{81D6E0D9-472F-4C5C-82EA-DFAE3DA04F93}.Release|Any CPU.ActiveCfg = Release|Any CPU
		{81D6E0D9-472F-4C5C-82EA-DFAE3DA04F93}.Release|Any CPU.Build.0 = Release|Any CPU
		{65F74770-22EB-4794-82E9-ADD04F0A7567}.Debug|Any CPU.ActiveCfg = Debug|Any CPU
		{65F74770-22EB-4794-82E9-ADD04F0A7567}.Debug|Any CPU.Build.0 = Debug|Any CPU
		{65F74770-22EB-4794-82E9-ADD04F0A7567}.Release|Any CPU.ActiveCfg = Release|Any CPU
		{65F74770-22EB-4794-82E9-ADD04F0A7567}.Release|Any CPU.Build.0 = Release|Any CPU
		{0ACDAE7D-91BB-456E-9C31-C8EC4875178A}.Debug|Any CPU.ActiveCfg = Debug|Any CPU
		{0ACDAE7D-91BB-456E-9C31-C8EC4875178A}.Debug|Any CPU.Build.0 = Debug|Any CPU
		{0ACDAE7D-91BB-456E-9C31-C8EC4875178A}.Release|Any CPU.ActiveCfg = Release|Any CPU
		{0ACDAE7D-91BB-456E-9C31-C8EC4875178A}.Release|Any CPU.Build.0 = Release|Any CPU
		{CBEBB51C-6577-4AA5-90FF-67C12AB12617}.Debug|Any CPU.ActiveCfg = Debug|Any CPU
		{CBEBB51C-6577-4AA5-90FF-67C12AB12617}.Debug|Any CPU.Build.0 = Debug|Any CPU
		{CBEBB51C-6577-4AA5-90FF-67C12AB12617}.Release|Any CPU.ActiveCfg = Release|Any CPU
		{CBEBB51C-6577-4AA5-90FF-67C12AB12617}.Release|Any CPU.Build.0 = Release|Any CPU
		{01A7174A-01A3-47C9-A7CE-407ED7C9673F}.Debug|Any CPU.ActiveCfg = Debug|Any CPU
		{01A7174A-01A3-47C9-A7CE-407ED7C9673F}.Debug|Any CPU.Build.0 = Debug|Any CPU
		{01A7174A-01A3-47C9-A7CE-407ED7C9673F}.Release|Any CPU.ActiveCfg = Release|Any CPU
		{01A7174A-01A3-47C9-A7CE-407ED7C9673F}.Release|Any CPU.Build.0 = Release|Any CPU
		{1F43DC22-7380-40E1-B92F-1BA5648EB34D}.Debug|Any CPU.ActiveCfg = Debug|Any CPU
		{1F43DC22-7380-40E1-B92F-1BA5648EB34D}.Debug|Any CPU.Build.0 = Debug|Any CPU
		{1F43DC22-7380-40E1-B92F-1BA5648EB34D}.Release|Any CPU.ActiveCfg = Release|Any CPU
		{1F43DC22-7380-40E1-B92F-1BA5648EB34D}.Release|Any CPU.Build.0 = Release|Any CPU
		{B9B139CB-0761-4D83-8676-91C693DF0F60}.Debug|Any CPU.ActiveCfg = Debug|Any CPU
		{B9B139CB-0761-4D83-8676-91C693DF0F60}.Debug|Any CPU.Build.0 = Debug|Any CPU
		{B9B139CB-0761-4D83-8676-91C693DF0F60}.Release|Any CPU.ActiveCfg = Release|Any CPU
		{B9B139CB-0761-4D83-8676-91C693DF0F60}.Release|Any CPU.Build.0 = Release|Any CPU
		{1E8E75A9-02F0-4BE6-AC2C-6A9483A29E98}.Debug|Any CPU.ActiveCfg = Debug|Any CPU
		{1E8E75A9-02F0-4BE6-AC2C-6A9483A29E98}.Debug|Any CPU.Build.0 = Debug|Any CPU
		{1E8E75A9-02F0-4BE6-AC2C-6A9483A29E98}.Release|Any CPU.ActiveCfg = Release|Any CPU
		{1E8E75A9-02F0-4BE6-AC2C-6A9483A29E98}.Release|Any CPU.Build.0 = Release|Any CPU
		{F991A62F-9E97-4A01-B9EF-30234DB57BDE}.Debug|Any CPU.ActiveCfg = Debug|Any CPU
		{F991A62F-9E97-4A01-B9EF-30234DB57BDE}.Debug|Any CPU.Build.0 = Debug|Any CPU
		{F991A62F-9E97-4A01-B9EF-30234DB57BDE}.Release|Any CPU.ActiveCfg = Release|Any CPU
		{F991A62F-9E97-4A01-B9EF-30234DB57BDE}.Release|Any CPU.Build.0 = Release|Any CPU
		{A7FBA8F9-61DF-4F75-9946-8A127965254B}.Debug|Any CPU.ActiveCfg = Debug|Any CPU
		{A7FBA8F9-61DF-4F75-9946-8A127965254B}.Debug|Any CPU.Build.0 = Debug|Any CPU
		{A7FBA8F9-61DF-4F75-9946-8A127965254B}.Release|Any CPU.ActiveCfg = Release|Any CPU
		{A7FBA8F9-61DF-4F75-9946-8A127965254B}.Release|Any CPU.Build.0 = Release|Any CPU
	EndGlobalSection
	GlobalSection(SolutionProperties) = preSolution
		HideSolutionNode = FALSE
	EndGlobalSection
	GlobalSection(NestedProjects) = preSolution
		{D6992F02-4E34-4B02-BC67-A9AE0B65CC82} = {3129FEEA-6562-4032-988D-A6405E10CDF9}
		{73C18F09-EFC8-4A16-8344-216D2488BF58} = {9F6EAE88-CD66-4EFF-ADA2-55605ADCEAD4}
		{374C3088-9022-433E-B30C-A068E1CE4FEA} = {9F6EAE88-CD66-4EFF-ADA2-55605ADCEAD4}
		{AB611C77-E4AD-4BD4-879D-03AF1411C67D} = {9F6EAE88-CD66-4EFF-ADA2-55605ADCEAD4}
		{81D6E0D9-472F-4C5C-82EA-DFAE3DA04F93} = {82E2C7BB-A915-423A-AFF5-A90F19433820}
		{65F74770-22EB-4794-82E9-ADD04F0A7567} = {82E2C7BB-A915-423A-AFF5-A90F19433820}
		{0ACDAE7D-91BB-456E-9C31-C8EC4875178A} = {82E2C7BB-A915-423A-AFF5-A90F19433820}
		{CBEBB51C-6577-4AA5-90FF-67C12AB12617} = {82E2C7BB-A915-423A-AFF5-A90F19433820}
		{01A7174A-01A3-47C9-A7CE-407ED7C9673F} = {E98A6E5C-2DFC-4DA0-BC33-AF2B0B882D1C}
		{1F43DC22-7380-40E1-B92F-1BA5648EB34D} = {E98A6E5C-2DFC-4DA0-BC33-AF2B0B882D1C}
		{B9B139CB-0761-4D83-8676-91C693DF0F60} = {E98A6E5C-2DFC-4DA0-BC33-AF2B0B882D1C}
		{1E8E75A9-02F0-4BE6-AC2C-6A9483A29E98} = {8F63A69F-495A-4C83-8B62-47D543AA71CC}
		{F991A62F-9E97-4A01-B9EF-30234DB57BDE} = {83E285C1-DA66-4ADE-8E49-3C077340479B}
		{A7FBA8F9-61DF-4F75-9946-8A127965254B} = {BA72FBAD-5D57-44DD-B1B2-E3D46A1E1B5A}
	EndGlobalSection
	GlobalSection(ExtensibilityGlobals) = postSolution
		SolutionGuid = {9A016BF9-0E68-40A5-BF4F-D78E55A43676}
	EndGlobalSection
EndGlobal
